// !$*UTF8*$!
{
	archiveVersion = 1;
	classes = {
	};
	objectVersion = 46;
	objects = {

/* Begin PBXBuildFile section */
		EB28A71A1A8285F30014E20D /* dumpdecrypted.m in Sources */ = {isa = PBXBuildFile; fileRef = EB28A7191A8285F30014E20D /* dumpdecrypted.m */; };
/* End PBXBuildFile section */

/* Begin PBXCopyFilesBuildPhase section */
		EB28A7121A8285F30014E20D /* CopyFiles */ = {
			isa = PBXCopyFilesBuildPhase;
			buildActionMask = 2147483647;
			dstPath = "include/$(PRODUCT_NAME)";
			dstSubfolderSpec = 16;
			files = (
			);
			runOnlyForDeploymentPostprocessing = 0;
		};
/* End PBXCopyFilesBuildPhase section */

/* Begin PBXFileReference section */
		EB28A7141A8285F30014E20D /* dumpdecrypted.dylib */ = {isa = PBXFileReference; explicitFileType = archive.ar; includeInIndex = 0; path = dumpdecrypted.dylib; sourceTree = BUILT_PRODUCTS_DIR; };
		EB28A7191A8285F30014E20D /* dumpdecrypted.m */ = {isa = PBXFileReference; lastKnownFileType = sourcecode.c.objc; path = dumpdecrypted.m; sourceTree = "<group>"; };
/* End PBXFileReference section */

/* Begin PBXFrameworksBuildPhase section */
		EB28A7111A8285F30014E20D /* Frameworks */ = {
			isa = PBXFrameworksBuildPhase;
			buildActionMask = 2147483647;
			files = (
			);
			runOnlyForDeploymentPostprocessing = 0;
		};
/* End PBXFrameworksBuildPhase section */

/* Begin PBXGroup section */
		EB28A70B1A8285F30014E20D = {
			isa = PBXGroup;
			children = (
				EB28A7161A8285F30014E20D /* dumpdecrypted */,
				EB28A7151A8285F30014E20D /* Products */,
			);
			sourceTree = "<group>";
		};
		EB28A7151A8285F30014E20D /* Products */ = {
			isa = PBXGroup;
			children = (
				EB28A7141A8285F30014E20D /* dumpdecrypted.dylib */,
			);
			name = Products;
			sourceTree = "<group>";
		};
		EB28A7161A8285F30014E20D /* dumpdecrypted */ = {
			isa = PBXGroup;
			children = (
				EB28A7191A8285F30014E20D /* dumpdecrypted.m */,
			);
			path = dumpdecrypted;
			sourceTree = "<group>";
		};
/* End PBXGroup section */

/* Begin PBXNativeTarget section */
		EB28A7131A8285F30014E20D /* dumpdecrypted */ = {
			isa = PBXNativeTarget;
			buildConfigurationList = EB28A7281A8285F30014E20D /* Build configuration list for PBXNativeTarget "dumpdecrypted" */;
			buildPhases = (
				EB28A7101A8285F30014E20D /* Sources */,
				EB28A7111A8285F30014E20D /* Frameworks */,
				EB28A7121A8285F30014E20D /* CopyFiles */,
			);
			buildRules = (
			);
			dependencies = (
			);
			name = dumpdecrypted;
			productName = dumpdecrypted;
			productReference = EB28A7141A8285F30014E20D /* dumpdecrypted.dylib */;
			productType = "com.apple.product-type.library.static";
		};
/* End PBXNativeTarget section */

/* Begin PBXProject section */
		EB28A70C1A8285F30014E20D /* Project object */ = {
			isa = PBXProject;
			attributes = {
				LastUpgradeCheck = 0610;
				ORGANIZATIONNAME = Carina;
				TargetAttributes = {
					EB28A7131A8285F30014E20D = {
						CreatedOnToolsVersion = 6.1.1;
					};
				};
			};
			buildConfigurationList = EB28A70F1A8285F30014E20D /* Build configuration list for PBXProject "dumpdecrypted" */;
			compatibilityVersion = "Xcode 3.2";
			developmentRegion = English;
			hasScannedForEncodings = 0;
			knownRegions = (
				en,
			);
			mainGroup = EB28A70B1A8285F30014E20D;
			productRefGroup = EB28A7151A8285F30014E20D /* Products */;
			projectDirPath = "";
			projectRoot = "";
			targets = (
				EB28A7131A8285F30014E20D /* dumpdecrypted */,
			);
		};
/* End PBXProject section */

/* Begin PBXSourcesBuildPhase section */
		EB28A7101A8285F30014E20D /* Sources */ = {
			isa = PBXSourcesBuildPhase;
			buildActionMask = 2147483647;
			files = (
				EB28A71A1A8285F30014E20D /* dumpdecrypted.m in Sources */,
			);
			runOnlyForDeploymentPostprocessing = 0;
		};
/* End PBXSourcesBuildPhase section */

/* Begin XCBuildConfiguration section */
		EB28A7261A8285F30014E20D /* Debug */ = {
			isa = XCBuildConfiguration;
			buildSettings = {
				ALWAYS_SEARCH_USER_PATHS = NO;
				CLANG_CXX_LANGUAGE_STANDARD = "gnu++0x";
				CLANG_CXX_LIBRARY = "libc++";
				CLANG_ENABLE_MODULES = YES;
				CLANG_ENABLE_OBJC_ARC = YES;
				CLANG_WARN_BOOL_CONVERSION = YES;
				CLANG_WARN_CONSTANT_CONVERSION = YES;
				CLANG_WARN_DIRECT_OBJC_ISA_USAGE = YES_ERROR;
				CLANG_WARN_EMPTY_BODY = YES;
				CLANG_WARN_ENUM_CONVERSION = YES;
				CLANG_WARN_INT_CONVERSION = YES;
				CLANG_WARN_OBJC_ROOT_CLASS = YES_ERROR;
				CLANG_WARN_UNREACHABLE_CODE = YES;
				CLANG_WARN__DUPLICATE_METHOD_MATCH = YES;
				COPY_PHASE_STRIP = NO;
				ENABLE_STRICT_OBJC_MSGSEND = YES;
				GCC_C_LANGUAGE_STANDARD = gnu99;
				GCC_DYNAMIC_NO_PIC = NO;
				GCC_OPTIMIZATION_LEVEL = 0;
				GCC_PREPROCESSOR_DEFINITIONS = (
					"DEBUG=1",
					"$(inherited)",
				);
				GCC_SYMBOLS_PRIVATE_EXTERN = NO;
				GCC_WARN_64_TO_32_BIT_CONVERSION = YES;
				GCC_WARN_ABOUT_RETURN_TYPE = YES_ERROR;
				GCC_WARN_UNDECLARED_SELECTOR = YES;
				GCC_WARN_UNINITIALIZED_AUTOS = YES_AGGRESSIVE;
				GCC_WARN_UNUSED_FUNCTION = YES;
				GCC_WARN_UNUSED_VARIABLE = YES;
				IPHONEOS_DEPLOYMENT_TARGET = 8.1;
				MTL_ENABLE_DEBUG_INFO = YES;
				ONLY_ACTIVE_ARCH = YES;
				SDKROOT = iphoneos;
			};
			name = Debug;
		};
		EB28A7271A8285F30014E20D /* Release */ = {
			isa = XCBuildConfiguration;
			buildSettings = {
				ALWAYS_SEARCH_USER_PATHS = NO;
				CLANG_CXX_LANGUAGE_STANDARD = "gnu++0x";
				CLANG_CXX_LIBRARY = "libc++";
				CLANG_ENABLE_MODULES = YES;
				CLANG_ENABLE_OBJC_ARC = YES;
				CLANG_WARN_BOOL_CONVERSION = YES;
				CLANG_WARN_CONSTANT_CONVERSION = YES;
				CLANG_WARN_DIRECT_OBJC_ISA_USAGE = YES_ERROR;
				CLANG_WARN_EMPTY_BODY = YES;
				CLANG_WARN_ENUM_CONVERSION = YES;
				CLANG_WARN_INT_CONVERSION = YES;
				CLANG_WARN_OBJC_ROOT_CLASS = YES_ERROR;
				CLANG_WARN_UNREACHABLE_CODE = YES;
				CLANG_WARN__DUPLICATE_METHOD_MATCH = YES;
				COPY_PHASE_STRIP = YES;
				ENABLE_NS_ASSERTIONS = NO;
				ENABLE_STRICT_OBJC_MSGSEND = YES;
				GCC_C_LANGUAGE_STANDARD = gnu99;
				GCC_WARN_64_TO_32_BIT_CONVERSION = YES;
				GCC_WARN_ABOUT_RETURN_TYPE = YES_ERROR;
				GCC_WARN_UNDECLARED_SELECTOR = YES;
				GCC_WARN_UNINITIALIZED_AUTOS = YES_AGGRESSIVE;
				GCC_WARN_UNUSED_FUNCTION = YES;
				GCC_WARN_UNUSED_VARIABLE = YES;
				IPHONEOS_DEPLOYMENT_TARGET = 8.1;
				MTL_ENABLE_DEBUG_INFO = NO;
				SDKROOT = iphoneos;
				VALIDATE_PRODUCT = YES;
			};
			name = Release;
		};
		EB28A7291A8285F30014E20D /* Debug */ = {
			isa = XCBuildConfiguration;
			buildSettings = {
				EXECUTABLE_EXTENSION = dylib;
				EXECUTABLE_PREFIX = "";
				IPHONEOS_DEPLOYMENT_TARGET = 6.0;
				MACH_O_TYPE = mh_dylib;
				ONLY_ACTIVE_ARCH = NO;
				OTHER_LDFLAGS = "-ObjC";
				PRODUCT_NAME = "$(TARGET_NAME)";
				SKIP_INSTALL = YES;
			};
			name = Debug;
		};
		EB28A72A1A8285F30014E20D /* Release */ = {
			isa = XCBuildConfiguration;
			buildSettings = {
				EXECUTABLE_EXTENSION = dylib;
				EXECUTABLE_PREFIX = "";
				IPHONEOS_DEPLOYMENT_TARGET = 6.0;
				MACH_O_TYPE = mh_dylib;
				OTHER_LDFLAGS = "-ObjC";
				PRODUCT_NAME = "$(TARGET_NAME)";
				SKIP_INSTALL = YES;
			};
			name = Release;
		};
/* End XCBuildConfiguration section */

/* Begin XCConfigurationList section */
		EB28A70F1A8285F30014E20D /* Build configuration list for PBXProject "dumpdecrypted" */ = {
			isa = XCConfigurationList;
			buildConfigurations = (
				EB28A7261A8285F30014E20D /* Debug */,
				EB28A7271A8285F30014E20D /* Release */,
			);
			defaultConfigurationIsVisible = 0;
			defaultConfigurationName = Release;
		};
		EB28A7281A8285F30014E20D /* Build configuration list for PBXNativeTarget "dumpdecrypted" */ = {
			isa = XCConfigurationList;
			buildConfigurations = (
				EB28A7291A8285F30014E20D /* Debug */,
				EB28A72A1A8285F30014E20D /* Release */,
			);
			defaultConfigurationIsVisible = 0;
			defaultConfigurationName = Release;
		};
/* End XCConfigurationList section */
	};
	rootObject = EB28A70C1A8285F30014E20D /* Project object */;
}
